
Microsoft Visual Studio Solution File, Format Version 12.00
# Visual Studio Version 17
VisualStudioVersion = 17.5.33627.172
MinimumVisualStudioVersion = 10.0.40219.1
Project("{9A19103F-16F7-4668-BE54-9A1E7A4F7556}") = "Barunson.BBarunsonWeb", "Barunson.BBarunsonWeb.csproj", "{0BE4F3E4-1E46-4670-B61D-6B156B81093C}"
EndProject
Global
	GlobalSection(SolutionConfigurationPlatforms) = preSolution
		Debug|Any CPU = Debug|Any CPU
		Release|Any CPU = Release|Any CPU
	EndGlobalSection
	GlobalSection(ProjectConfigurationPlatforms) = postSolution
		{0BE4F3E4-1E46-4670-B61D-6B156B81093C}.Debug|Any CPU.ActiveCfg = Debug|Any CPU
		{0BE4F3E4-1E46-4670-B61D-6B156B81093C}.Debug|Any CPU.Build.0 = Debug|Any CPU
		{0BE4F3E4-1E46-4670-B61D-6B156B81093C}.Release|Any CPU.ActiveCfg = Release|Any CPU
		{0BE4F3E4-1E46-4670-B61D-6B156B81093C}.Release|Any CPU.Build.0 = Release|Any CPU
	EndGlobalSection
	GlobalSection(SolutionProperties) = preSolution
		HideSolutionNode = FALSE
	EndGlobalSection
	GlobalSection(ExtensibilityGlobals) = postSolution
		SolutionGuid = {DE05BB4E-E2EB-44E9-8DF3-EE4A1599A39C}
	EndGlobalSection
EndGlobal
